
Microsoft Visual Studio Solution File, Format Version 12.00
# Visual Studio Version 16
VisualStudioVersion = 25.0.1703.6
MinimumVisualStudioVersion = 10.0.40219.1
Project("{FAE04EC0-301F-11D3-BF4B-00C04F79EFBC}") = "Basics", "AuthenticationRaw\Basics.csproj", "{587C4C73-F9A2-48E1-A0BC-29EA24A61A91}"
EndProject
Project("{FAE04EC0-301F-11D3-BF4B-00C04F79EFBC}") = "IdentityExample", "IdentityEample\IdentityExample.csproj", "{1D9306F0-11CE-47CC-9BD1-B278F62031FB}"
EndProject
Global
	GlobalSection(SolutionConfigurationPlatforms) = preSolution
		Debug|Any CPU = Debug|Any CPU
		Release|Any CPU = Release|Any CPU
	EndGlobalSection
	GlobalSection(ProjectConfigurationPlatforms) = postSolution
		{587C4C73-F9A2-48E1-A0BC-29EA24A61A91}.Debug|Any CPU.ActiveCfg = Debug|Any CPU
		{587C4C73-F9A2-48E1-A0BC-29EA24A61A91}.Debug|Any CPU.Build.0 = Debug|Any CPU
		{587C4C73-F9A2-48E1-A0BC-29EA24A61A91}.Release|Any CPU.ActiveCfg = Release|Any CPU
		{587C4C73-F9A2-48E1-A0BC-29EA24A61A91}.Release|Any CPU.Build.0 = Release|Any CPU
		{1D9306F0-11CE-47CC-9BD1-B278F62031FB}.Debug|Any CPU.ActiveCfg = Debug|Any CPU
		{1D9306F0-11CE-47CC-9BD1-B278F62031FB}.Debug|Any CPU.Build.0 = Debug|Any CPU
		{1D9306F0-11CE-47CC-9BD1-B278F62031FB}.Release|Any CPU.ActiveCfg = Release|Any CPU
		{1D9306F0-11CE-47CC-9BD1-B278F62031FB}.Release|Any CPU.Build.0 = Release|Any CPU
	EndGlobalSection
	GlobalSection(SolutionProperties) = preSolution
		HideSolutionNode = FALSE
	EndGlobalSection
	GlobalSection(ExtensibilityGlobals) = postSolution
		SolutionGuid = {167E355B-23CA-4B64-BB36-66C686F8D251}
	EndGlobalSection
EndGlobal
